// !$*UTF8*$!
{
	archiveVersion = 1;
	classes = {
	};
	objectVersion = 46;
	objects = {

/* Begin PBXBuildFile section */
		EB0A781F525B0A6929D7D0DF /* libPods-ColeDunsby.a in Frameworks */ = {isa = PBXBuildFile; fileRef = 553712D367FBF959E59938BE /* libPods-ColeDunsby.a */; };
		ED4D336C1AE885F600665F6E /* AppDelegate.swift in Sources */ = {isa = PBXBuildFile; fileRef = ED4D33481AE885F600665F6E /* AppDelegate.swift */; };
		ED4D336D1AE885F600665F6E /* AboutViewController.swift in Sources */ = {isa = PBXBuildFile; fileRef = ED4D334A1AE885F600665F6E /* AboutViewController.swift */; };
		ED4D336E1AE885F600665F6E /* AwardsViewController.swift in Sources */ = {isa = PBXBuildFile; fileRef = ED4D334B1AE885F600665F6E /* AwardsViewController.swift */; };
		ED4D336F1AE885F600665F6E /* EducationViewController.swift in Sources */ = {isa = PBXBuildFile; fileRef = ED4D334C1AE885F600665F6E /* EducationViewController.swift */; };
		ED4D33701AE885F600665F6E /* MapPopupViewController.swift in Sources */ = {isa = PBXBuildFile; fileRef = ED4D334D1AE885F600665F6E /* MapPopupViewController.swift */; };
		ED4D33711AE885F600665F6E /* ProjectsViewController.swift in Sources */ = {isa = PBXBuildFile; fileRef = ED4D334E1AE885F600665F6E /* ProjectsViewController.swift */; };
		ED4D33721AE885F600665F6E /* SkillsViewController.swift in Sources */ = {isa = PBXBuildFile; fileRef = ED4D334F1AE885F600665F6E /* SkillsViewController.swift */; };
		ED4D33731AE885F600665F6E /* ViewController.swift in Sources */ = {isa = PBXBuildFile; fileRef = ED4D33501AE885F600665F6E /* ViewController.swift */; };
		ED4D33741AE885F600665F6E /* WorkViewController.swift in Sources */ = {isa = PBXBuildFile; fileRef = ED4D33511AE885F600665F6E /* WorkViewController.swift */; };
		ED4D33751AE885F600665F6E /* CustomSegue.swift in Sources */ = {isa = PBXBuildFile; fileRef = ED4D33531AE885F600665F6E /* CustomSegue.swift */; };
		ED4D33761AE885F600665F6E /* CustomUnwindSegue.swift in Sources */ = {isa = PBXBuildFile; fileRef = ED4D33541AE885F600665F6E /* CustomUnwindSegue.swift */; };
		ED4D33771AE885F600665F6E /* apps.plist in Resources */ = {isa = PBXBuildFile; fileRef = ED4D33561AE885F600665F6E /* apps.plist */; };
		ED4D33781AE885F600665F6E /* earcon_cancel.wav in Resources */ = {isa = PBXBuildFile; fileRef = ED4D33571AE885F600665F6E /* earcon_cancel.wav */; };
		ED4D33791AE885F600665F6E /* earcon_done_listening.wav in Resources */ = {isa = PBXBuildFile; fileRef = ED4D33581AE885F600665F6E /* earcon_done_listening.wav */; };
		ED4D337A1AE885F600665F6E /* earcon_listening.wav in Resources */ = {isa = PBXBuildFile; fileRef = ED4D33591AE885F600665F6E /* earcon_listening.wav */; };
		ED4D337B1AE885F600665F6E /* Images.xcassets in Resources */ = {isa = PBXBuildFile; fileRef = ED4D335A1AE885F600665F6E /* Images.xcassets */; };
		ED4D337C1AE885F600665F6E /* MyParticle.sks in Resources */ = {isa = PBXBuildFile; fileRef = ED4D335B1AE885F600665F6E /* MyParticle.sks */; };
		ED4D337D1AE885F600665F6E /* photos.plist in Resources */ = {isa = PBXBuildFile; fileRef = ED4D335C1AE885F600665F6E /* photos.plist */; };
		ED4D337E1AE885F600665F6E /* work.plist in Resources */ = {isa = PBXBuildFile; fileRef = ED4D335D1AE885F600665F6E /* work.plist */; };
		ED4D337F1AE885F600665F6E /* SpeechKit.framework in Frameworks */ = {isa = PBXBuildFile; fileRef = ED4D335E1AE885F600665F6E /* SpeechKit.framework */; };
		ED4D33801AE885F700665F6E /* Bridging-Header.m in Sources */ = {isa = PBXBuildFile; fileRef = ED4D33611AE885F600665F6E /* Bridging-Header.m */; };
		ED4D33821AE885F700665F6E /* BackgroundScene.swift in Sources */ = {isa = PBXBuildFile; fileRef = ED4D33641AE885F600665F6E /* BackgroundScene.swift */; };
		ED4D33831AE885F700665F6E /* CustomCollectionViewCell.swift in Sources */ = {isa = PBXBuildFile; fileRef = ED4D33651AE885F600665F6E /* CustomCollectionViewCell.swift */; };
		ED4D33841AE885F700665F6E /* LaunchScreen.xib in Resources */ = {isa = PBXBuildFile; fileRef = ED4D33661AE885F600665F6E /* LaunchScreen.xib */; };
		ED4D33851AE885F700665F6E /* Main.storyboard in Resources */ = {isa = PBXBuildFile; fileRef = ED4D33671AE885F600665F6E /* Main.storyboard */; };
		ED4D33861AE885F700665F6E /* MapPopupViewController.xib in Resources */ = {isa = PBXBuildFile; fileRef = ED4D33681AE885F600665F6E /* MapPopupViewController.xib */; };
		ED4D33871AE885F700665F6E /* RatingTableViewCell.swift in Sources */ = {isa = PBXBuildFile; fileRef = ED4D33691AE885F600665F6E /* RatingTableViewCell.swift */; };
		ED4D33881AE885F700665F6E /* RatingView.swift in Sources */ = {isa = PBXBuildFile; fileRef = ED4D336A1AE885F600665F6E /* RatingView.swift */; };
		ED4D33891AE885F700665F6E /* WorkTableViewCell.swift in Sources */ = {isa = PBXBuildFile; fileRef = ED4D336B1AE885F600665F6E /* WorkTableViewCell.swift */; };
		ED64C8371AE8538800445773 /* CFNetwork.framework in Frameworks */ = {isa = PBXBuildFile; fileRef = ED64C8361AE8538800445773 /* CFNetwork.framework */; };
		ED64C8391AE8538E00445773 /* CoreGraphics.framework in Frameworks */ = {isa = PBXBuildFile; fileRef = ED64C8381AE8538E00445773 /* CoreGraphics.framework */; };
		ED64C83B1AE8539500445773 /* Foundation.framework in Frameworks */ = {isa = PBXBuildFile; fileRef = ED64C83A1AE8539500445773 /* Foundation.framework */; };
		ED64C83D1AE8539900445773 /* Security.framework in Frameworks */ = {isa = PBXBuildFile; fileRef = ED64C83C1AE8539900445773 /* Security.framework */; };
		ED64C83F1AE8539F00445773 /* UIKit.framework in Frameworks */ = {isa = PBXBuildFile; fileRef = ED64C83E1AE8539F00445773 /* UIKit.framework */; };
		ED6D7F2E1AE78BEA00011301 /* AVFoundation.framework in Frameworks */ = {isa = PBXBuildFile; fileRef = ED6D7F2D1AE78BEA00011301 /* AVFoundation.framework */; };
		ED6D7F301AE78BF000011301 /* AudioToolbox.framework in Frameworks */ = {isa = PBXBuildFile; fileRef = ED6D7F2F1AE78BF000011301 /* AudioToolbox.framework */; };
		ED6D7F321AE78C0E00011301 /* SystemConfiguration.framework in Frameworks */ = {isa = PBXBuildFile; fileRef = ED6D7F311AE78C0E00011301 /* SystemConfiguration.framework */; };
/* End PBXBuildFile section */

/* Begin PBXFileReference section */
		163AB2660E553B63E90142E9 /* Pods-ColeDunsby.release.xcconfig */ = {isa = PBXFileReference; includeInIndex = 1; lastKnownFileType = text.xcconfig; name = "Pods-ColeDunsby.release.xcconfig"; path = "Pods/Target Support Files/Pods-ColeDunsby/Pods-ColeDunsby.release.xcconfig"; sourceTree = "<group>"; };
		553712D367FBF959E59938BE /* libPods-ColeDunsby.a */ = {isa = PBXFileReference; explicitFileType = archive.ar; includeInIndex = 0; path = "libPods-ColeDunsby.a"; sourceTree = BUILT_PRODUCTS_DIR; };
		ED4D33481AE885F600665F6E /* AppDelegate.swift */ = {isa = PBXFileReference; fileEncoding = 4; lastKnownFileType = sourcecode.swift; path = AppDelegate.swift; sourceTree = "<group>"; };
		ED4D334A1AE885F600665F6E /* AboutViewController.swift */ = {isa = PBXFileReference; fileEncoding = 4; lastKnownFileType = sourcecode.swift; path = AboutViewController.swift; sourceTree = "<group>"; };
		ED4D334B1AE885F600665F6E /* AwardsViewController.swift */ = {isa = PBXFileReference; fileEncoding = 4; lastKnownFileType = sourcecode.swift; path = AwardsViewController.swift; sourceTree = "<group>"; };
		ED4D334C1AE885F600665F6E /* EducationViewController.swift */ = {isa = PBXFileReference; fileEncoding = 4; lastKnownFileType = sourcecode.swift; path = EducationViewController.swift; sourceTree = "<group>"; };
		ED4D334D1AE885F600665F6E /* MapPopupViewController.swift */ = {isa = PBXFileReference; fileEncoding = 4; lastKnownFileType = sourcecode.swift; path = MapPopupViewController.swift; sourceTree = "<group>"; };
		ED4D334E1AE885F600665F6E /* ProjectsViewController.swift */ = {isa = PBXFileReference; fileEncoding = 4; lastKnownFileType = sourcecode.swift; path = ProjectsViewController.swift; sourceTree = "<group>"; };
		ED4D334F1AE885F600665F6E /* SkillsViewController.swift */ = {isa = PBXFileReference; fileEncoding = 4; lastKnownFileType = sourcecode.swift; path = SkillsViewController.swift; sourceTree = "<group>"; };
		ED4D33501AE885F600665F6E /* ViewController.swift */ = {isa = PBXFileReference; fileEncoding = 4; lastKnownFileType = sourcecode.swift; path = ViewController.swift; sourceTree = "<group>"; };
		ED4D33511AE885F600665F6E /* WorkViewController.swift */ = {isa = PBXFileReference; fileEncoding = 4; lastKnownFileType = sourcecode.swift; path = WorkViewController.swift; sourceTree = "<group>"; };
		ED4D33531AE885F600665F6E /* CustomSegue.swift */ = {isa = PBXFileReference; fileEncoding = 4; lastKnownFileType = sourcecode.swift; path = CustomSegue.swift; sourceTree = "<group>"; };
		ED4D33541AE885F600665F6E /* CustomUnwindSegue.swift */ = {isa = PBXFileReference; fileEncoding = 4; lastKnownFileType = sourcecode.swift; path = CustomUnwindSegue.swift; sourceTree = "<group>"; };
		ED4D33561AE885F600665F6E /* apps.plist */ = {isa = PBXFileReference; fileEncoding = 4; lastKnownFileType = text.plist.xml; path = apps.plist; sourceTree = "<group>"; };
		ED4D33571AE885F600665F6E /* earcon_cancel.wav */ = {isa = PBXFileReference; lastKnownFileType = audio.wav; path = earcon_cancel.wav; sourceTree = "<group>"; };
		ED4D33581AE885F600665F6E /* earcon_done_listening.wav */ = {isa = PBXFileReference; lastKnownFileType = audio.wav; path = earcon_done_listening.wav; sourceTree = "<group>"; };
		ED4D33591AE885F600665F6E /* earcon_listening.wav */ = {isa = PBXFileReference; lastKnownFileType = audio.wav; path = earcon_listening.wav; sourceTree = "<group>"; };
		ED4D335A1AE885F600665F6E /* Images.xcassets */ = {isa = PBXFileReference; lastKnownFileType = folder.assetcatalog; path = Images.xcassets; sourceTree = "<group>"; };
		ED4D335B1AE885F600665F6E /* MyParticle.sks */ = {isa = PBXFileReference; lastKnownFileType = file.sks; path = MyParticle.sks; sourceTree = "<group>"; };
		ED4D335C1AE885F600665F6E /* photos.plist */ = {isa = PBXFileReference; fileEncoding = 4; lastKnownFileType = text.plist.xml; path = photos.plist; sourceTree = "<group>"; };
		ED4D335D1AE885F600665F6E /* work.plist */ = {isa = PBXFileReference; fileEncoding = 4; lastKnownFileType = text.plist.xml; path = work.plist; sourceTree = "<group>"; };
		ED4D335E1AE885F600665F6E /* SpeechKit.framework */ = {isa = PBXFileReference; lastKnownFileType = wrapper.framework; path = SpeechKit.framework; sourceTree = "<group>"; };
		ED4D33601AE885F600665F6E /* Bridging-Header.h */ = {isa = PBXFileReference; fileEncoding = 4; lastKnownFileType = sourcecode.c.h; path = "Bridging-Header.h"; sourceTree = "<group>"; };
		ED4D33611AE885F600665F6E /* Bridging-Header.m */ = {isa = PBXFileReference; fileEncoding = 4; lastKnownFileType = sourcecode.c.objc; path = "Bridging-Header.m"; sourceTree = "<group>"; };
		ED4D33621AE885F600665F6E /* Info.plist */ = {isa = PBXFileReference; fileEncoding = 4; lastKnownFileType = text.plist.xml; path = Info.plist; sourceTree = "<group>"; };
		ED4D33641AE885F600665F6E /* BackgroundScene.swift */ = {isa = PBXFileReference; fileEncoding = 4; lastKnownFileType = sourcecode.swift; path = BackgroundScene.swift; sourceTree = "<group>"; };
		ED4D33651AE885F600665F6E /* CustomCollectionViewCell.swift */ = {isa = PBXFileReference; fileEncoding = 4; lastKnownFileType = sourcecode.swift; path = CustomCollectionViewCell.swift; sourceTree = "<group>"; };
		ED4D33661AE885F600665F6E /* LaunchScreen.xib */ = {isa = PBXFileReference; fileEncoding = 4; lastKnownFileType = file.xib; path = LaunchScreen.xib; sourceTree = "<group>"; };
		ED4D33671AE885F600665F6E /* Main.storyboard */ = {isa = PBXFileReference; fileEncoding = 4; lastKnownFileType = file.storyboard; path = Main.storyboard; sourceTree = "<group>"; };
		ED4D33681AE885F600665F6E /* MapPopupViewController.xib */ = {isa = PBXFileReference; fileEncoding = 4; lastKnownFileType = file.xib; path = MapPopupViewController.xib; sourceTree = "<group>"; };
		ED4D33691AE885F600665F6E /* RatingTableViewCell.swift */ = {isa = PBXFileReference; fileEncoding = 4; lastKnownFileType = sourcecode.swift; path = RatingTableViewCell.swift; sourceTree = "<group>"; };
		ED4D336A1AE885F600665F6E /* RatingView.swift */ = {isa = PBXFileReference; fileEncoding = 4; lastKnownFileType = sourcecode.swift; path = RatingView.swift; sourceTree = "<group>"; };
		ED4D336B1AE885F600665F6E /* WorkTableViewCell.swift */ = {isa = PBXFileReference; fileEncoding = 4; lastKnownFileType = sourcecode.swift; path = WorkTableViewCell.swift; sourceTree = "<group>"; };
		ED64C8361AE8538800445773 /* CFNetwork.framework */ = {isa = PBXFileReference; lastKnownFileType = wrapper.framework; name = CFNetwork.framework; path = System/Library/Frameworks/CFNetwork.framework; sourceTree = SDKROOT; };
		ED64C8381AE8538E00445773 /* CoreGraphics.framework */ = {isa = PBXFileReference; lastKnownFileType = wrapper.framework; name = CoreGraphics.framework; path = System/Library/Frameworks/CoreGraphics.framework; sourceTree = SDKROOT; };
		ED64C83A1AE8539500445773 /* Foundation.framework */ = {isa = PBXFileReference; lastKnownFileType = wrapper.framework; name = Foundation.framework; path = System/Library/Frameworks/Foundation.framework; sourceTree = SDKROOT; };
		ED64C83C1AE8539900445773 /* Security.framework */ = {isa = PBXFileReference; lastKnownFileType = wrapper.framework; name = Security.framework; path = System/Library/Frameworks/Security.framework; sourceTree = SDKROOT; };
		ED64C83E1AE8539F00445773 /* UIKit.framework */ = {isa = PBXFileReference; lastKnownFileType = wrapper.framework; name = UIKit.framework; path = System/Library/Frameworks/UIKit.framework; sourceTree = SDKROOT; };
		ED6D7F2D1AE78BEA00011301 /* AVFoundation.framework */ = {isa = PBXFileReference; lastKnownFileType = wrapper.framework; name = AVFoundation.framework; path = System/Library/Frameworks/AVFoundation.framework; sourceTree = SDKROOT; };
		ED6D7F2F1AE78BF000011301 /* AudioToolbox.framework */ = {isa = PBXFileReference; lastKnownFileType = wrapper.framework; name = AudioToolbox.framework; path = System/Library/Frameworks/AudioToolbox.framework; sourceTree = SDKROOT; };
		ED6D7F311AE78C0E00011301 /* SystemConfiguration.framework */ = {isa = PBXFileReference; lastKnownFileType = wrapper.framework; name = SystemConfiguration.framework; path = System/Library/Frameworks/SystemConfiguration.framework; sourceTree = SDKROOT; };
		EDE5FDF01ADF1E13004A97E7 /* ColeDunsby.app */ = {isa = PBXFileReference; explicitFileType = wrapper.application; includeInIndex = 0; path = ColeDunsby.app; sourceTree = BUILT_PRODUCTS_DIR; };
		FA9263601FEF533B8BD2806E /* Pods-ColeDunsby.debug.xcconfig */ = {isa = PBXFileReference; includeInIndex = 1; lastKnownFileType = text.xcconfig; name = "Pods-ColeDunsby.debug.xcconfig"; path = "Pods/Target Support Files/Pods-ColeDunsby/Pods-ColeDunsby.debug.xcconfig"; sourceTree = "<group>"; };
/* End PBXFileReference section */

/* Begin PBXFrameworksBuildPhase section */
		EDE5FDED1ADF1E13004A97E7 /* Frameworks */ = {
			isa = PBXFrameworksBuildPhase;
			buildActionMask = 2147483647;
			files = (
				ED64C83F1AE8539F00445773 /* UIKit.framework in Frameworks */,
				ED64C83D1AE8539900445773 /* Security.framework in Frameworks */,
				ED64C83B1AE8539500445773 /* Foundation.framework in Frameworks */,
				ED64C8391AE8538E00445773 /* CoreGraphics.framework in Frameworks */,
				ED4D337F1AE885F600665F6E /* SpeechKit.framework in Frameworks */,
				ED64C8371AE8538800445773 /* CFNetwork.framework in Frameworks */,
				ED6D7F321AE78C0E00011301 /* SystemConfiguration.framework in Frameworks */,
				ED6D7F301AE78BF000011301 /* AudioToolbox.framework in Frameworks */,
				ED6D7F2E1AE78BEA00011301 /* AVFoundation.framework in Frameworks */,
				EB0A781F525B0A6929D7D0DF /* libPods-ColeDunsby.a in Frameworks */,
			);
			runOnlyForDeploymentPostprocessing = 0;
		};
/* End PBXFrameworksBuildPhase section */

/* Begin PBXGroup section */
		AA8E1F9612F72F0B6F30C7A7 /* Pods */ = {
			isa = PBXGroup;
			children = (
				FA9263601FEF533B8BD2806E /* Pods-ColeDunsby.debug.xcconfig */,
				163AB2660E553B63E90142E9 /* Pods-ColeDunsby.release.xcconfig */,
			);
			name = Pods;
			sourceTree = "<group>";
		};
		DA66C1A52ECD4B451F7D618D /* Frameworks */ = {
			isa = PBXGroup;
			children = (
				ED6D7F2F1AE78BF000011301 /* AudioToolbox.framework */,
				ED6D7F2D1AE78BEA00011301 /* AVFoundation.framework */,
				ED64C8361AE8538800445773 /* CFNetwork.framework */,
				ED64C8381AE8538E00445773 /* CoreGraphics.framework */,
				ED64C83A1AE8539500445773 /* Foundation.framework */,
				ED64C83C1AE8539900445773 /* Security.framework */,
				ED6D7F311AE78C0E00011301 /* SystemConfiguration.framework */,
				ED64C83E1AE8539F00445773 /* UIKit.framework */,
				553712D367FBF959E59938BE /* libPods-ColeDunsby.a */,
			);
			name = Frameworks;
			sourceTree = "<group>";
		};
		ED4D33471AE885F600665F6E /* ColeDunsby */ = {
			isa = PBXGroup;
			children = (
				ED4D335E1AE885F600665F6E /* SpeechKit.framework */,
				ED4D33481AE885F600665F6E /* AppDelegate.swift */,
				ED4D33491AE885F600665F6E /* Controllers */,
				ED4D33521AE885F600665F6E /* Models */,
				ED4D33631AE885F600665F6E /* Views */,
				ED4D33551AE885F600665F6E /* Resources */,
				ED4D335F1AE885F600665F6E /* Supporting Files */,
			);
			path = ColeDunsby;
			sourceTree = "<group>";
		};
		ED4D33491AE885F600665F6E /* Controllers */ = {
			isa = PBXGroup;
			children = (
				ED4D33501AE885F600665F6E /* ViewController.swift */,
				ED4D334A1AE885F600665F6E /* AboutViewController.swift */,
				ED4D334B1AE885F600665F6E /* AwardsViewController.swift */,
				ED4D334C1AE885F600665F6E /* EducationViewController.swift */,
				ED4D334E1AE885F600665F6E /* ProjectsViewController.swift */,
				ED4D334F1AE885F600665F6E /* SkillsViewController.swift */,
				ED4D33511AE885F600665F6E /* WorkViewController.swift */,
				ED4D334D1AE885F600665F6E /* MapPopupViewController.swift */,
			);
			path = Controllers;
			sourceTree = "<group>";
		};
		ED4D33521AE885F600665F6E /* Models */ = {
			isa = PBXGroup;
			children = (
				ED4D33531AE885F600665F6E /* CustomSegue.swift */,
				ED4D33541AE885F600665F6E /* CustomUnwindSegue.swift */,
			);
			path = Models;
			sourceTree = "<group>";
		};
		ED4D33551AE885F600665F6E /* Resources */ = {
			isa = PBXGroup;
			children = (
				ED4D335A1AE885F600665F6E /* Images.xcassets */,
				ED4D33571AE885F600665F6E /* earcon_cancel.wav */,
				ED4D33581AE885F600665F6E /* earcon_done_listening.wav */,
				ED4D33591AE885F600665F6E /* earcon_listening.wav */,
				ED4D335B1AE885F600665F6E /* MyParticle.sks */,
				ED4D33561AE885F600665F6E /* apps.plist */,
				ED4D335C1AE885F600665F6E /* photos.plist */,
				ED4D335D1AE885F600665F6E /* work.plist */,
			);
			path = Resources;
			sourceTree = "<group>";
		};
		ED4D335F1AE885F600665F6E /* Supporting Files */ = {
			isa = PBXGroup;
			children = (
				ED4D33601AE885F600665F6E /* Bridging-Header.h */,
				ED4D33611AE885F600665F6E /* Bridging-Header.m */,
				ED4D33621AE885F600665F6E /* Info.plist */,
			);
			path = "Supporting Files";
			sourceTree = "<group>";
		};
		ED4D33631AE885F600665F6E /* Views */ = {
			isa = PBXGroup;
			children = (
				ED4D33671AE885F600665F6E /* Main.storyboard */,
				ED4D33661AE885F600665F6E /* LaunchScreen.xib */,
				ED4D33681AE885F600665F6E /* MapPopupViewController.xib */,
				ED4D33641AE885F600665F6E /* BackgroundScene.swift */,
				ED4D33651AE885F600665F6E /* CustomCollectionViewCell.swift */,
				ED4D33691AE885F600665F6E /* RatingTableViewCell.swift */,
				ED4D336A1AE885F600665F6E /* RatingView.swift */,
				ED4D336B1AE885F600665F6E /* WorkTableViewCell.swift */,
			);
			path = Views;
			sourceTree = "<group>";
		};
		EDE5FDE71ADF1E13004A97E7 = {
			isa = PBXGroup;
			children = (
				ED4D33471AE885F600665F6E /* ColeDunsby */,
				EDE5FDF11ADF1E13004A97E7 /* Products */,
				DA66C1A52ECD4B451F7D618D /* Frameworks */,
				AA8E1F9612F72F0B6F30C7A7 /* Pods */,
			);
			sourceTree = "<group>";
		};
		EDE5FDF11ADF1E13004A97E7 /* Products */ = {
			isa = PBXGroup;
			children = (
				EDE5FDF01ADF1E13004A97E7 /* ColeDunsby.app */,
			);
			name = Products;
			sourceTree = "<group>";
		};
/* End PBXGroup section */

/* Begin PBXNativeTarget section */
		EDE5FDEF1ADF1E13004A97E7 /* ColeDunsby */ = {
			isa = PBXNativeTarget;
			buildConfigurationList = EDE5FE0F1ADF1E13004A97E7 /* Build configuration list for PBXNativeTarget "ColeDunsby" */;
			buildPhases = (
				18DA42D0C254D733FD34E9F8 /* Check Pods Manifest.lock */,
				EDE5FDEC1ADF1E13004A97E7 /* Sources */,
				EDE5FDED1ADF1E13004A97E7 /* Frameworks */,
				EDE5FDEE1ADF1E13004A97E7 /* Resources */,
				39D18DE1EF12C3E4AE5794CD /* Copy Pods Resources */,
			);
			buildRules = (
			);
			dependencies = (
			);
			name = ColeDunsby;
			productName = "Cole Dunsby";
			productReference = EDE5FDF01ADF1E13004A97E7 /* ColeDunsby.app */;
			productType = "com.apple.product-type.application";
		};
/* End PBXNativeTarget section */

/* Begin PBXProject section */
		EDE5FDE81ADF1E13004A97E7 /* Project object */ = {
			isa = PBXProject;
			attributes = {
				LastUpgradeCheck = 0630;
				ORGANIZATIONNAME = "Cole Dunsby";
				TargetAttributes = {
					EDE5FDEF1ADF1E13004A97E7 = {
						CreatedOnToolsVersion = 6.3;
						DevelopmentTeam = W8W9HUZP5Z;
					};
				};
			};
			buildConfigurationList = EDE5FDEB1ADF1E13004A97E7 /* Build configuration list for PBXProject "ColeDunsby" */;
			compatibilityVersion = "Xcode 3.2";
			developmentRegion = English;
			hasScannedForEncodings = 0;
			knownRegions = (
				en,
				Base,
			);
			mainGroup = EDE5FDE71ADF1E13004A97E7;
			productRefGroup = EDE5FDF11ADF1E13004A97E7 /* Products */;
			projectDirPath = "";
			projectRoot = "";
			targets = (
				EDE5FDEF1ADF1E13004A97E7 /* ColeDunsby */,
			);
		};
/* End PBXProject section */

/* Begin PBXResourcesBuildPhase section */
		EDE5FDEE1ADF1E13004A97E7 /* Resources */ = {
			isa = PBXResourcesBuildPhase;
			buildActionMask = 2147483647;
			files = (
				ED4D337B1AE885F600665F6E /* Images.xcassets in Resources */,
				ED4D337D1AE885F600665F6E /* photos.plist in Resources */,
				ED4D33851AE885F700665F6E /* Main.storyboard in Resources */,
				ED4D33861AE885F700665F6E /* MapPopupViewController.xib in Resources */,
				ED4D33771AE885F600665F6E /* apps.plist in Resources */,
				ED4D33841AE885F700665F6E /* LaunchScreen.xib in Resources */,
				ED4D337A1AE885F600665F6E /* earcon_listening.wav in Resources */,
				ED4D337E1AE885F600665F6E /* work.plist in Resources */,
				ED4D337C1AE885F600665F6E /* MyParticle.sks in Resources */,
				ED4D33781AE885F600665F6E /* earcon_cancel.wav in Resources */,
				ED4D33791AE885F600665F6E /* earcon_done_listening.wav in Resources */,
			);
			runOnlyForDeploymentPostprocessing = 0;
		};
/* End PBXResourcesBuildPhase section */

/* Begin PBXShellScriptBuildPhase section */
		18DA42D0C254D733FD34E9F8 /* Check Pods Manifest.lock */ = {
			isa = PBXShellScriptBuildPhase;
			buildActionMask = 2147483647;
			files = (
			);
			inputPaths = (
			);
			name = "Check Pods Manifest.lock";
			outputPaths = (
			);
			runOnlyForDeploymentPostprocessing = 0;
			shellPath = /bin/sh;
			shellScript = "diff \"${PODS_ROOT}/../Podfile.lock\" \"${PODS_ROOT}/Manifest.lock\" > /dev/null\nif [[ $? != 0 ]] ; then\n    cat << EOM\nerror: The sandbox is not in sync with the Podfile.lock. Run 'pod install' or update your CocoaPods installation.\nEOM\n    exit 1\nfi\n";
			showEnvVarsInLog = 0;
		};
		39D18DE1EF12C3E4AE5794CD /* Copy Pods Resources */ = {
			isa = PBXShellScriptBuildPhase;
			buildActionMask = 2147483647;
			files = (
			);
			inputPaths = (
			);
			name = "Copy Pods Resources";
			outputPaths = (
			);
			runOnlyForDeploymentPostprocessing = 0;
			shellPath = /bin/sh;
			shellScript = "\"${SRCROOT}/Pods/Target Support Files/Pods-ColeDunsby/Pods-ColeDunsby-resources.sh\"\n";
			showEnvVarsInLog = 0;
		};
/* End PBXShellScriptBuildPhase section */

/* Begin PBXSourcesBuildPhase section */
		EDE5FDEC1ADF1E13004A97E7 /* Sources */ = {
			isa = PBXSourcesBuildPhase;
			buildActionMask = 2147483647;
			files = (
				ED4D33881AE885F700665F6E /* RatingView.swift in Sources */,
				ED4D33731AE885F600665F6E /* ViewController.swift in Sources */,
				ED4D33701AE885F600665F6E /* MapPopupViewController.swift in Sources */,
				ED4D33891AE885F700665F6E /* WorkTableViewCell.swift in Sources */,
				ED4D33821AE885F700665F6E /* BackgroundScene.swift in Sources */,
				ED4D33831AE885F700665F6E /* CustomCollectionViewCell.swift in Sources */,
				ED4D33761AE885F600665F6E /* CustomUnwindSegue.swift in Sources */,
				ED4D33711AE885F600665F6E /* ProjectsViewController.swift in Sources */,
				ED4D33801AE885F700665F6E /* Bridging-Header.m in Sources */,
				ED4D336D1AE885F600665F6E /* AboutViewController.swift in Sources */,
				ED4D336C1AE885F600665F6E /* AppDelegate.swift in Sources */,
				ED4D336E1AE885F600665F6E /* AwardsViewController.swift in Sources */,
				ED4D336F1AE885F600665F6E /* EducationViewController.swift in Sources */,
				ED4D33741AE885F600665F6E /* WorkViewController.swift in Sources */,
				ED4D33871AE885F700665F6E /* RatingTableViewCell.swift in Sources */,
				ED4D33721AE885F600665F6E /* SkillsViewController.swift in Sources */,
				ED4D33751AE885F600665F6E /* CustomSegue.swift in Sources */,
			);
			runOnlyForDeploymentPostprocessing = 0;
		};
/* End PBXSourcesBuildPhase section */

/* Begin XCBuildConfiguration section */
		EDE5FE0D1ADF1E13004A97E7 /* Debug */ = {
			isa = XCBuildConfiguration;
			buildSettings = {
				ALWAYS_SEARCH_USER_PATHS = NO;
				CLANG_CXX_LANGUAGE_STANDARD = "gnu++0x";
				CLANG_CXX_LIBRARY = "libc++";
				CLANG_ENABLE_MODULES = YES;
				CLANG_ENABLE_OBJC_ARC = YES;
				CLANG_WARN_BOOL_CONVERSION = YES;
				CLANG_WARN_CONSTANT_CONVERSION = YES;
				CLANG_WARN_DIRECT_OBJC_ISA_USAGE = YES_ERROR;
				CLANG_WARN_EMPTY_BODY = YES;
				CLANG_WARN_ENUM_CONVERSION = YES;
				CLANG_WARN_INT_CONVERSION = YES;
				CLANG_WARN_OBJC_ROOT_CLASS = YES_ERROR;
				CLANG_WARN_UNREACHABLE_CODE = YES;
				CLANG_WARN__DUPLICATE_METHOD_MATCH = YES;
				"CODE_SIGN_IDENTITY[sdk=iphoneos*]" = "iPhone Developer";
				COPY_PHASE_STRIP = NO;
				DEBUG_INFORMATION_FORMAT = "dwarf-with-dsym";
				ENABLE_STRICT_OBJC_MSGSEND = YES;
				GCC_C_LANGUAGE_STANDARD = gnu99;
				GCC_DYNAMIC_NO_PIC = NO;
				GCC_NO_COMMON_BLOCKS = YES;
				GCC_OPTIMIZATION_LEVEL = 0;
				GCC_PREPROCESSOR_DEFINITIONS = (
					"DEBUG=1",
					"$(inherited)",
				);
				GCC_SYMBOLS_PRIVATE_EXTERN = NO;
				GCC_WARN_64_TO_32_BIT_CONVERSION = YES;
				GCC_WARN_ABOUT_RETURN_TYPE = YES_ERROR;
				GCC_WARN_UNDECLARED_SELECTOR = YES;
				GCC_WARN_UNINITIALIZED_AUTOS = YES_AGGRESSIVE;
				GCC_WARN_UNUSED_FUNCTION = YES;
				GCC_WARN_UNUSED_VARIABLE = YES;
				IPHONEOS_DEPLOYMENT_TARGET = 8.3;
				MTL_ENABLE_DEBUG_INFO = YES;
				ONLY_ACTIVE_ARCH = YES;
				SDKROOT = iphoneos;
				SWIFT_OPTIMIZATION_LEVEL = "-Onone";
			};
			name = Debug;
		};
		EDE5FE0E1ADF1E13004A97E7 /* Release */ = {
			isa = XCBuildConfiguration;
			buildSettings = {
				ALWAYS_SEARCH_USER_PATHS = NO;
				CLANG_CXX_LANGUAGE_STANDARD = "gnu++0x";
				CLANG_CXX_LIBRARY = "libc++";
				CLANG_ENABLE_MODULES = YES;
				CLANG_ENABLE_OBJC_ARC = YES;
				CLANG_WARN_BOOL_CONVERSION = YES;
				CLANG_WARN_CONSTANT_CONVERSION = YES;
				CLANG_WARN_DIRECT_OBJC_ISA_USAGE = YES_ERROR;
				CLANG_WARN_EMPTY_BODY = YES;
				CLANG_WARN_ENUM_CONVERSION = YES;
				CLANG_WARN_INT_CONVERSION = YES;
				CLANG_WARN_OBJC_ROOT_CLASS = YES_ERROR;
				CLANG_WARN_UNREACHABLE_CODE = YES;
				CLANG_WARN__DUPLICATE_METHOD_MATCH = YES;
				"CODE_SIGN_IDENTITY[sdk=iphoneos*]" = "iPhone Developer";
				COPY_PHASE_STRIP = NO;
				DEBUG_INFORMATION_FORMAT = "dwarf-with-dsym";
				ENABLE_NS_ASSERTIONS = NO;
				ENABLE_STRICT_OBJC_MSGSEND = YES;
				GCC_C_LANGUAGE_STANDARD = gnu99;
				GCC_NO_COMMON_BLOCKS = YES;
				GCC_WARN_64_TO_32_BIT_CONVERSION = YES;
				GCC_WARN_ABOUT_RETURN_TYPE = YES_ERROR;
				GCC_WARN_UNDECLARED_SELECTOR = YES;
				GCC_WARN_UNINITIALIZED_AUTOS = YES_AGGRESSIVE;
				GCC_WARN_UNUSED_FUNCTION = YES;
				GCC_WARN_UNUSED_VARIABLE = YES;
				IPHONEOS_DEPLOYMENT_TARGET = 8.3;
				MTL_ENABLE_DEBUG_INFO = NO;
				SDKROOT = iphoneos;
				VALIDATE_PRODUCT = YES;
			};
			name = Release;
		};
		EDE5FE101ADF1E13004A97E7 /* Debug */ = {
			isa = XCBuildConfiguration;
			baseConfigurationReference = FA9263601FEF533B8BD2806E /* Pods-ColeDunsby.debug.xcconfig */;
			buildSettings = {
				ASSETCATALOG_COMPILER_APPICON_NAME = AppIcon;
				CLANG_ENABLE_MODULES = YES;
				CODE_SIGN_IDENTITY = "iPhone Developer";
				FRAMEWORK_SEARCH_PATHS = (
					"$(inherited)",
					"$(PROJECT_DIR)",
					"$(PROJECT_DIR)/ColeDunsby",
				);
				INFOPLIST_FILE = "$(SRCROOT)/ColeDunsby/Supporting Files/Info.plist";
				IPHONEOS_DEPLOYMENT_TARGET = 8.0;
				LD_RUNPATH_SEARCH_PATHS = "$(inherited) @executable_path/Frameworks";
				PRODUCT_NAME = ColeDunsby;
				SWIFT_OBJC_BRIDGING_HEADER = "ColeDunsby/Supporting Files/Bridging-Header.h";
				SWIFT_OPTIMIZATION_LEVEL = "-Onone";
				TARGETED_DEVICE_FAMILY = 1;
			};
			name = Debug;
		};
		EDE5FE111ADF1E13004A97E7 /* Release */ = {
			isa = XCBuildConfiguration;
			baseConfigurationReference = 163AB2660E553B63E90142E9 /* Pods-ColeDunsby.release.xcconfig */;
			buildSettings = {
				ASSETCATALOG_COMPILER_APPICON_NAME = AppIcon;
				CLANG_ENABLE_MODULES = YES;
				CODE_SIGN_IDENTITY = "iPhone Developer";
				FRAMEWORK_SEARCH_PATHS = (
					"$(inherited)",
					"$(PROJECT_DIR)",
					"$(PROJECT_DIR)/ColeDunsby",
				);
				INFOPLIST_FILE = "$(SRCROOT)/ColeDunsby/Supporting Files/Info.plist";
				IPHONEOS_DEPLOYMENT_TARGET = 8.0;
				LD_RUNPATH_SEARCH_PATHS = "$(inherited) @executable_path/Frameworks";
				PRODUCT_NAME = ColeDunsby;
				SWIFT_OBJC_BRIDGING_HEADER = "ColeDunsby/Supporting Files/Bridging-Header.h";
				TARGETED_DEVICE_FAMILY = 1;
			};
			name = Release;
		};
/* End XCBuildConfiguration section */

/* Begin XCConfigurationList section */
		EDE5FDEB1ADF1E13004A97E7 /* Build configuration list for PBXProject "ColeDunsby" */ = {
			isa = XCConfigurationList;
			buildConfigurations = (
				EDE5FE0D1ADF1E13004A97E7 /* Debug */,
				EDE5FE0E1ADF1E13004A97E7 /* Release */,
			);
			defaultConfigurationIsVisible = 0;
			defaultConfigurationName = Release;
		};
		EDE5FE0F1ADF1E13004A97E7 /* Build configuration list for PBXNativeTarget "ColeDunsby" */ = {
			isa = XCConfigurationList;
			buildConfigurations = (
				EDE5FE101ADF1E13004A97E7 /* Debug */,
				EDE5FE111ADF1E13004A97E7 /* Release */,
			);
			defaultConfigurationIsVisible = 0;
			defaultConfigurationName = Release;
		};
/* End XCConfigurationList section */
	};
	rootObject = EDE5FDE81ADF1E13004A97E7 /* Project object */;
}
